
Microsoft Visual Studio Solution File, Format Version 12.00
# Visual Studio Version 16
VisualStudioVersion = 16.0.31410.223
MinimumVisualStudioVersion = 10.0.40219.1
Project("{FAE04EC0-301F-11D3-BF4B-00C04F79EFBC}") = "StudentAccountingSystem", "StudentAccountingSystem.csproj", "{DCB1CC3E-AC64-405E-A16B-6822F38AED6B}"
EndProject
Global
	GlobalSection(SolutionConfigurationPlatforms) = preSolution
		Debug|Any CPU = Debug|Any CPU
		Release|Any CPU = Release|Any CPU
	EndGlobalSection
	GlobalSection(ProjectConfigurationPlatforms) = postSolution
		{DCB1CC3E-AC64-405E-A16B-6822F38AED6B}.Debug|Any CPU.ActiveCfg = Debug|Any CPU
		{DCB1CC3E-AC64-405E-A16B-6822F38AED6B}.Debug|Any CPU.Build.0 = Debug|Any CPU
		{DCB1CC3E-AC64-405E-A16B-6822F38AED6B}.Release|Any CPU.ActiveCfg = Release|Any CPU
		{DCB1CC3E-AC64-405E-A16B-6822F38AED6B}.Release|Any CPU.Build.0 = Release|Any CPU
	EndGlobalSection
	GlobalSection(SolutionProperties) = preSolution
		HideSolutionNode = FALSE
	EndGlobalSection
	GlobalSection(ExtensibilityGlobals) = postSolution
		SolutionGuid = {8618B007-9C52-4207-84CA-2F47567486A9}
	EndGlobalSection
EndGlobal
